
Microsoft Visual Studio Solution File, Format Version 12.00
# Visual Studio Version 16
VisualStudioVersion = 16.0.31729.503
MinimumVisualStudioVersion = 10.0.40219.1
Project("{FAE04EC0-301F-11D3-BF4B-00C04F79EFBC}") = "projectX", "projectX\projectX.csproj", "{CA29C20E-CA5F-4762-A675-48A27A0700C6}"
EndProject
Global
	GlobalSection(SolutionConfigurationPlatforms) = preSolution
		Debug|Any CPU = Debug|Any CPU
		Release|Any CPU = Release|Any CPU
	EndGlobalSection
	GlobalSection(ProjectConfigurationPlatforms) = postSolution
		{CA29C20E-CA5F-4762-A675-48A27A0700C6}.Debug|Any CPU.ActiveCfg = Debug|Any CPU
		{CA29C20E-CA5F-4762-A675-48A27A0700C6}.Debug|Any CPU.Build.0 = Debug|Any CPU
		{CA29C20E-CA5F-4762-A675-48A27A0700C6}.Release|Any CPU.ActiveCfg = Release|Any CPU
		{CA29C20E-CA5F-4762-A675-48A27A0700C6}.Release|Any CPU.Build.0 = Release|Any CPU
	EndGlobalSection
	GlobalSection(SolutionProperties) = preSolution
		HideSolutionNode = FALSE
	EndGlobalSection
	GlobalSection(ExtensibilityGlobals) = postSolution
		SolutionGuid = {2AB1D580-3D20-47ED-AF90-32D6EECB9C24}
	EndGlobalSection
EndGlobal
